
Microsoft Visual Studio Solution File, Format Version 12.00
# Visual Studio Version 16
VisualStudioVersion = 16.0.31729.503
MinimumVisualStudioVersion = 10.0.40219.1
Project("{FAE04EC0-301F-11D3-BF4B-00C04F79EFBC}") = "CineKometa", "CineKometa\CineKometa.csproj", "{A70E49F5-C00C-4D75-995F-C2385D13ECD4}"
EndProject
Global
	GlobalSection(SolutionConfigurationPlatforms) = preSolution
		Debug|Any CPU = Debug|Any CPU
		Release|Any CPU = Release|Any CPU
	EndGlobalSection
	GlobalSection(ProjectConfigurationPlatforms) = postSolution
		{A70E49F5-C00C-4D75-995F-C2385D13ECD4}.Debug|Any CPU.ActiveCfg = Debug|Any CPU
		{A70E49F5-C00C-4D75-995F-C2385D13ECD4}.Debug|Any CPU.Build.0 = Debug|Any CPU
		{A70E49F5-C00C-4D75-995F-C2385D13ECD4}.Release|Any CPU.ActiveCfg = Release|Any CPU
		{A70E49F5-C00C-4D75-995F-C2385D13ECD4}.Release|Any CPU.Build.0 = Release|Any CPU
	EndGlobalSection
	GlobalSection(SolutionProperties) = preSolution
		HideSolutionNode = FALSE
	EndGlobalSection
	GlobalSection(ExtensibilityGlobals) = postSolution
		SolutionGuid = {1FCFBFA2-5436-453C-8D62-E5BAB4D4AC5F}
	EndGlobalSection
EndGlobal
